
Microsoft Visual Studio Solution File, Format Version 12.00
# Visual Studio 2013
VisualStudioVersion = 12.0.21005.1
MinimumVisualStudioVersion = 10.0.40219.1
Project("{FAE04EC0-301F-11D3-BF4B-00C04F79EFBC}") = "HRM", "HRM\HRM.csproj", "{77B6C35F-0E66-4FA2-BC46-B8CDEE6298D6}"
EndProject
Project("{FAE04EC0-301F-11D3-BF4B-00C04F79EFBC}") = "HRM.DAL", "HRM.DAL\HRM.DAL.csproj", "{DA119598-56B5-4023-8AB8-3971FD275106}"
EndProject
Global
	GlobalSection(SolutionConfigurationPlatforms) = preSolution
		Debug|Any CPU = Debug|Any CPU
		Release|Any CPU = Release|Any CPU
	EndGlobalSection
	GlobalSection(ProjectConfigurationPlatforms) = postSolution
		{77B6C35F-0E66-4FA2-BC46-B8CDEE6298D6}.Debug|Any CPU.ActiveCfg = Debug|Any CPU
		{77B6C35F-0E66-4FA2-BC46-B8CDEE6298D6}.Debug|Any CPU.Build.0 = Debug|Any CPU
		{77B6C35F-0E66-4FA2-BC46-B8CDEE6298D6}.Release|Any CPU.ActiveCfg = Release|Any CPU
		{77B6C35F-0E66-4FA2-BC46-B8CDEE6298D6}.Release|Any CPU.Build.0 = Release|Any CPU
		{DA119598-56B5-4023-8AB8-3971FD275106}.Debug|Any CPU.ActiveCfg = Debug|Any CPU
		{DA119598-56B5-4023-8AB8-3971FD275106}.Debug|Any CPU.Build.0 = Debug|Any CPU
		{DA119598-56B5-4023-8AB8-3971FD275106}.Release|Any CPU.ActiveCfg = Release|Any CPU
		{DA119598-56B5-4023-8AB8-3971FD275106}.Release|Any CPU.Build.0 = Release|Any CPU
	EndGlobalSection
	GlobalSection(SolutionProperties) = preSolution
		HideSolutionNode = FALSE
	EndGlobalSection
EndGlobal
